# THIS IS AN AUTOGENERATED FILE. DO NOT EDIT THIS FILE DIRECTLY.
# yarn lockfile v1


castle.js@^1.0.21:
  version "1.0.21"
  resolved "https://registry.yarnpkg.com/castle.js/-/castle.js-1.0.21.tgz#bcdc90f64152d666564151481cc60f2d890148e3"
  integrity sha512-emNKWcmIOmPtxC9y6EXkJ+MHt44CVmdatHYpkPEY2XE891So8d5OzDGyBioJBr0j7zp0cUr94dkZRrMM/Dlw9Q==
